
Microsoft Visual Studio Solution File, Format Version 12.00
# Visual Studio Version 17
VisualStudioVersion = 17.0.31611.283
MinimumVisualStudioVersion = 10.0.40219.1
Project("{9A19103F-16F7-4668-BE54-9A1E7A4F7556}") = "XimerGame.Shared", "XimerGame.Shared\XimerGame.Shared.csproj", "{BE3A2C64-8EB3-4878-9325-68D37B36ED1B}"
EndProject
Project("{9A19103F-16F7-4668-BE54-9A1E7A4F7556}") = "ManualTest", "ManualTest\ManualTest.csproj", "{35A1A6C0-AEFC-4B4C-96D4-C920EAC44840}"
EndProject
Project("{9A19103F-16F7-4668-BE54-9A1E7A4F7556}") = "XimerGame.Client", "XimerGameClient\XimerGame.Client.csproj", "{F4457D4F-9F53-477F-8D78-D120FECF41ED}"
EndProject
Global
	GlobalSection(SolutionConfigurationPlatforms) = preSolution
		Debug|Any CPU = Debug|Any CPU
		Release|Any CPU = Release|Any CPU
	EndGlobalSection
	GlobalSection(ProjectConfigurationPlatforms) = postSolution
		{BE3A2C64-8EB3-4878-9325-68D37B36ED1B}.Debug|Any CPU.ActiveCfg = Debug|Any CPU
		{BE3A2C64-8EB3-4878-9325-68D37B36ED1B}.Debug|Any CPU.Build.0 = Debug|Any CPU
		{BE3A2C64-8EB3-4878-9325-68D37B36ED1B}.Release|Any CPU.ActiveCfg = Release|Any CPU
		{BE3A2C64-8EB3-4878-9325-68D37B36ED1B}.Release|Any CPU.Build.0 = Release|Any CPU
		{35A1A6C0-AEFC-4B4C-96D4-C920EAC44840}.Debug|Any CPU.ActiveCfg = Debug|Any CPU
		{35A1A6C0-AEFC-4B4C-96D4-C920EAC44840}.Debug|Any CPU.Build.0 = Debug|Any CPU
		{35A1A6C0-AEFC-4B4C-96D4-C920EAC44840}.Release|Any CPU.ActiveCfg = Release|Any CPU
		{35A1A6C0-AEFC-4B4C-96D4-C920EAC44840}.Release|Any CPU.Build.0 = Release|Any CPU
		{F4457D4F-9F53-477F-8D78-D120FECF41ED}.Debug|Any CPU.ActiveCfg = Debug|Any CPU
		{F4457D4F-9F53-477F-8D78-D120FECF41ED}.Debug|Any CPU.Build.0 = Debug|Any CPU
		{F4457D4F-9F53-477F-8D78-D120FECF41ED}.Debug|Any CPU.Deploy.0 = Debug|Any CPU
		{F4457D4F-9F53-477F-8D78-D120FECF41ED}.Release|Any CPU.ActiveCfg = Release|Any CPU
		{F4457D4F-9F53-477F-8D78-D120FECF41ED}.Release|Any CPU.Build.0 = Release|Any CPU
		{F4457D4F-9F53-477F-8D78-D120FECF41ED}.Release|Any CPU.Deploy.0 = Release|Any CPU
	EndGlobalSection
	GlobalSection(SolutionProperties) = preSolution
		HideSolutionNode = FALSE
	EndGlobalSection
	GlobalSection(ExtensibilityGlobals) = postSolution
		SolutionGuid = {61F7FB11-1E47-470C-91E2-47F8143E1572}
	EndGlobalSection
EndGlobal
